
Microsoft Visual Studio Solution File, Format Version 12.00
# Visual Studio 2012
Project("{FAE04EC0-301F-11D3-BF4B-00C04F79EFBC}") = "AppCenterTest", "AppCenterTest\AppCenterTest.csproj", "{C68644F9-356F-4BE8-B290-CC4D17959E33}"
EndProject
Project("{FAE04EC0-301F-11D3-BF4B-00C04F79EFBC}") = "AppCenterTest.iOS", "iOS\AppCenterTest.iOS.csproj", "{4581420C-481A-4A9C-A319-E39137C47C1F}"
EndProject
Project("{FAE04EC0-301F-11D3-BF4B-00C04F79EFBC}") = "AppCenterTest.Droid", "Droid\AppCenterTest.Droid.csproj", "{AADBBF03-E665-4264-ADF1-B005DC26F095}"
EndProject
Global
	GlobalSection(SolutionConfigurationPlatforms) = preSolution
		Debug|Any CPU = Debug|Any CPU
		Release|Any CPU = Release|Any CPU
		Debug|iPhoneSimulator = Debug|iPhoneSimulator
		Release|iPhone = Release|iPhone
		Release|iPhoneSimulator = Release|iPhoneSimulator
		Debug|iPhone = Debug|iPhone
	EndGlobalSection
	GlobalSection(ProjectConfigurationPlatforms) = postSolution
		{C68644F9-356F-4BE8-B290-CC4D17959E33}.Debug|Any CPU.ActiveCfg = Debug|Any CPU
		{C68644F9-356F-4BE8-B290-CC4D17959E33}.Debug|Any CPU.Build.0 = Debug|Any CPU
		{C68644F9-356F-4BE8-B290-CC4D17959E33}.Release|Any CPU.ActiveCfg = Release|Any CPU
		{C68644F9-356F-4BE8-B290-CC4D17959E33}.Release|Any CPU.Build.0 = Release|Any CPU
		{C68644F9-356F-4BE8-B290-CC4D17959E33}.Debug|iPhoneSimulator.ActiveCfg = Debug|Any CPU
		{C68644F9-356F-4BE8-B290-CC4D17959E33}.Debug|iPhoneSimulator.Build.0 = Debug|Any CPU
		{C68644F9-356F-4BE8-B290-CC4D17959E33}.Release|iPhone.ActiveCfg = Release|Any CPU
		{C68644F9-356F-4BE8-B290-CC4D17959E33}.Release|iPhone.Build.0 = Release|Any CPU
		{C68644F9-356F-4BE8-B290-CC4D17959E33}.Release|iPhoneSimulator.ActiveCfg = Release|Any CPU
		{C68644F9-356F-4BE8-B290-CC4D17959E33}.Release|iPhoneSimulator.Build.0 = Release|Any CPU
		{C68644F9-356F-4BE8-B290-CC4D17959E33}.Debug|iPhone.ActiveCfg = Debug|Any CPU
		{C68644F9-356F-4BE8-B290-CC4D17959E33}.Debug|iPhone.Build.0 = Debug|Any CPU
		{4581420C-481A-4A9C-A319-E39137C47C1F}.Debug|Any CPU.ActiveCfg = Debug|iPhoneSimulator
		{4581420C-481A-4A9C-A319-E39137C47C1F}.Debug|Any CPU.Build.0 = Debug|iPhoneSimulator
		{4581420C-481A-4A9C-A319-E39137C47C1F}.Release|Any CPU.ActiveCfg = Release|iPhone
		{4581420C-481A-4A9C-A319-E39137C47C1F}.Release|Any CPU.Build.0 = Release|iPhone
		{4581420C-481A-4A9C-A319-E39137C47C1F}.Debug|iPhoneSimulator.ActiveCfg = Debug|iPhoneSimulator
		{4581420C-481A-4A9C-A319-E39137C47C1F}.Debug|iPhoneSimulator.Build.0 = Debug|iPhoneSimulator
		{4581420C-481A-4A9C-A319-E39137C47C1F}.Release|iPhone.ActiveCfg = Release|iPhone
		{4581420C-481A-4A9C-A319-E39137C47C1F}.Release|iPhone.Build.0 = Release|iPhone
		{4581420C-481A-4A9C-A319-E39137C47C1F}.Release|iPhoneSimulator.ActiveCfg = Release|iPhoneSimulator
		{4581420C-481A-4A9C-A319-E39137C47C1F}.Release|iPhoneSimulator.Build.0 = Release|iPhoneSimulator
		{4581420C-481A-4A9C-A319-E39137C47C1F}.Debug|iPhone.ActiveCfg = Debug|iPhone
		{4581420C-481A-4A9C-A319-E39137C47C1F}.Debug|iPhone.Build.0 = Debug|iPhone
		{AADBBF03-E665-4264-ADF1-B005DC26F095}.Debug|Any CPU.ActiveCfg = Debug|Any CPU
		{AADBBF03-E665-4264-ADF1-B005DC26F095}.Debug|Any CPU.Build.0 = Debug|Any CPU
		{AADBBF03-E665-4264-ADF1-B005DC26F095}.Release|Any CPU.ActiveCfg = Release|Any CPU
		{AADBBF03-E665-4264-ADF1-B005DC26F095}.Release|Any CPU.Build.0 = Release|Any CPU
		{AADBBF03-E665-4264-ADF1-B005DC26F095}.Debug|iPhoneSimulator.ActiveCfg = Debug|Any CPU
		{AADBBF03-E665-4264-ADF1-B005DC26F095}.Debug|iPhoneSimulator.Build.0 = Debug|Any CPU
		{AADBBF03-E665-4264-ADF1-B005DC26F095}.Release|iPhone.ActiveCfg = Release|Any CPU
		{AADBBF03-E665-4264-ADF1-B005DC26F095}.Release|iPhone.Build.0 = Release|Any CPU
		{AADBBF03-E665-4264-ADF1-B005DC26F095}.Release|iPhoneSimulator.ActiveCfg = Release|Any CPU
		{AADBBF03-E665-4264-ADF1-B005DC26F095}.Release|iPhoneSimulator.Build.0 = Release|Any CPU
		{AADBBF03-E665-4264-ADF1-B005DC26F095}.Debug|iPhone.ActiveCfg = Debug|Any CPU
		{AADBBF03-E665-4264-ADF1-B005DC26F095}.Debug|iPhone.Build.0 = Debug|Any CPU
	EndGlobalSection
EndGlobal
